
Microsoft Visual Studio Solution File, Format Version 12.00
# Visual Studio 15
VisualStudioVersion = 15.0.27428.1
MinimumVisualStudioVersion = 10.0.40219.1
Project("{FAE04EC0-301F-11D3-BF4B-00C04F79EFBC}") = "EddnEventBridgeSample", "EddnEventBridgeSample\EddnEventBridgeSample.csproj", "{9F9BF9FA-A5C0-49D2-9020-BA255E6EAF30}"
EndProject
Project("{FAE04EC0-301F-11D3-BF4B-00C04F79EFBC}") = "DetectedSystemsProcessor", "DetectedSystemsProcessor\DetectedSystemsProcessor.csproj", "{6A556C30-31A8-4FB1-AC17-ECEB57344D3A}"
EndProject
Global
	GlobalSection(SolutionConfigurationPlatforms) = preSolution
		Debug|Any CPU = Debug|Any CPU
		Release|Any CPU = Release|Any CPU
	EndGlobalSection
	GlobalSection(ProjectConfigurationPlatforms) = postSolution
		{9F9BF9FA-A5C0-49D2-9020-BA255E6EAF30}.Debug|Any CPU.ActiveCfg = Debug|Any CPU
		{9F9BF9FA-A5C0-49D2-9020-BA255E6EAF30}.Debug|Any CPU.Build.0 = Debug|Any CPU
		{9F9BF9FA-A5C0-49D2-9020-BA255E6EAF30}.Release|Any CPU.ActiveCfg = Release|Any CPU
		{9F9BF9FA-A5C0-49D2-9020-BA255E6EAF30}.Release|Any CPU.Build.0 = Release|Any CPU
		{6A556C30-31A8-4FB1-AC17-ECEB57344D3A}.Debug|Any CPU.ActiveCfg = Debug|Any CPU
		{6A556C30-31A8-4FB1-AC17-ECEB57344D3A}.Debug|Any CPU.Build.0 = Debug|Any CPU
		{6A556C30-31A8-4FB1-AC17-ECEB57344D3A}.Release|Any CPU.ActiveCfg = Release|Any CPU
		{6A556C30-31A8-4FB1-AC17-ECEB57344D3A}.Release|Any CPU.Build.0 = Release|Any CPU
	EndGlobalSection
	GlobalSection(SolutionProperties) = preSolution
		HideSolutionNode = FALSE
	EndGlobalSection
	GlobalSection(ExtensibilityGlobals) = postSolution
		SolutionGuid = {755170A5-CF34-4BFA-8B9B-5DBE35B72CA4}
	EndGlobalSection
EndGlobal
