
Microsoft Visual Studio Solution File, Format Version 12.00
# Visual Studio 15
VisualStudioVersion = 15.0.27428.2002
MinimumVisualStudioVersion = 10.0.40219.1
Project("{FAE04EC0-301F-11D3-BF4B-00C04F79EFBC}") = "ReportingHub", "src\ReportingHub\ReportingHub.csproj", "{56FC2872-6AC0-4CD1-B952-EF39C014953A}"
EndProject
Project("{E53339B2-1760-4266-BCC7-CA923CBCF16C}") = "docker-compose", "src\docker-compose.dcproj", "{EE66DB85-DBA6-423B-BFB3-EBAD6D7AA1D1}"
EndProject
Global
	GlobalSection(SolutionConfigurationPlatforms) = preSolution
		Debug|Any CPU = Debug|Any CPU
		Release|Any CPU = Release|Any CPU
	EndGlobalSection
	GlobalSection(ProjectConfigurationPlatforms) = postSolution
		{56FC2872-6AC0-4CD1-B952-EF39C014953A}.Debug|Any CPU.ActiveCfg = Debug|Any CPU
		{56FC2872-6AC0-4CD1-B952-EF39C014953A}.Debug|Any CPU.Build.0 = Debug|Any CPU
		{56FC2872-6AC0-4CD1-B952-EF39C014953A}.Release|Any CPU.ActiveCfg = Release|Any CPU
		{56FC2872-6AC0-4CD1-B952-EF39C014953A}.Release|Any CPU.Build.0 = Release|Any CPU
		{EE66DB85-DBA6-423B-BFB3-EBAD6D7AA1D1}.Debug|Any CPU.ActiveCfg = Debug|Any CPU
		{EE66DB85-DBA6-423B-BFB3-EBAD6D7AA1D1}.Debug|Any CPU.Build.0 = Debug|Any CPU
		{EE66DB85-DBA6-423B-BFB3-EBAD6D7AA1D1}.Release|Any CPU.ActiveCfg = Release|Any CPU
		{EE66DB85-DBA6-423B-BFB3-EBAD6D7AA1D1}.Release|Any CPU.Build.0 = Release|Any CPU
	EndGlobalSection
	GlobalSection(SolutionProperties) = preSolution
		HideSolutionNode = FALSE
	EndGlobalSection
	GlobalSection(ExtensibilityGlobals) = postSolution
		SolutionGuid = {C59D8395-8D06-437D-92F9-2357CA0BF0AF}
	EndGlobalSection
EndGlobal
